
Microsoft Visual Studio Solution File, Format Version 12.00
# Visual Studio Version 17
VisualStudioVersion = 17.0.31919.166
MinimumVisualStudioVersion = 10.0.40219.1
Project("{9A19103F-16F7-4668-BE54-9A1E7A4F7556}") = "PlatformService", "PlatformService\PlatformService.csproj", "{EBFDBA34-8640-4455-8F9F-C65947128429}"
EndProject
Project("{FAE04EC0-301F-11D3-BF4B-00C04F79EFBC}") = "CommandsService", "CommandsService\CommandsService.csproj", "{B50F6671-4489-4CBD-9AB9-C7CF3EE8645F}"
EndProject
Global
	GlobalSection(SolutionConfigurationPlatforms) = preSolution
		Debug|Any CPU = Debug|Any CPU
		Release|Any CPU = Release|Any CPU
	EndGlobalSection
	GlobalSection(ProjectConfigurationPlatforms) = postSolution
		{EBFDBA34-8640-4455-8F9F-C65947128429}.Debug|Any CPU.ActiveCfg = Debug|Any CPU
		{EBFDBA34-8640-4455-8F9F-C65947128429}.Debug|Any CPU.Build.0 = Debug|Any CPU
		{EBFDBA34-8640-4455-8F9F-C65947128429}.Release|Any CPU.ActiveCfg = Release|Any CPU
		{EBFDBA34-8640-4455-8F9F-C65947128429}.Release|Any CPU.Build.0 = Release|Any CPU
		{B50F6671-4489-4CBD-9AB9-C7CF3EE8645F}.Debug|Any CPU.ActiveCfg = Debug|Any CPU
		{B50F6671-4489-4CBD-9AB9-C7CF3EE8645F}.Debug|Any CPU.Build.0 = Debug|Any CPU
		{B50F6671-4489-4CBD-9AB9-C7CF3EE8645F}.Release|Any CPU.ActiveCfg = Release|Any CPU
		{B50F6671-4489-4CBD-9AB9-C7CF3EE8645F}.Release|Any CPU.Build.0 = Release|Any CPU
	EndGlobalSection
	GlobalSection(SolutionProperties) = preSolution
		HideSolutionNode = FALSE
	EndGlobalSection
	GlobalSection(ExtensibilityGlobals) = postSolution
		SolutionGuid = {67BABDBA-5595-4F9A-A5CE-5FFDC2854B70}
	EndGlobalSection
EndGlobal
